// !$*UTF8*$!
{
	archiveVersion = 1;
	classes = {
	};
	objectVersion = 52;
	objects = {

/* Begin PBXBuildFile section */
		096C2145294B452200598BC0 /* FirebaseDatabase in Frameworks */ = {isa = PBXBuildFile; productRef = 096C2144294B452200598BC0 /* FirebaseDatabase */; };
		096C2147294B452200598BC0 /* FirebaseDatabaseSwift in Frameworks */ = {isa = PBXBuildFile; productRef = 096C2146294B452200598BC0 /* FirebaseDatabaseSwift */; };
		096C2149294B45EF00598BC0 /* FirebaseStorageCombine-Community in Frameworks */ = {isa = PBXBuildFile; productRef = 096C2148294B45EF00598BC0 /* FirebaseStorageCombine-Community */; };
		09E58A48294B42B2005586EE /* FirebaseAuth in Frameworks */ = {isa = PBXBuildFile; productRef = 09E58A47294B42B2005586EE /* FirebaseAuth */; };
		09E58A4A294B42B2005586EE /* FirebaseStorage in Frameworks */ = {isa = PBXBuildFile; productRef = 09E58A49294B42B2005586EE /* FirebaseStorage */; };
		09E58A4D294B42F3005586EE /* NVActivityIndicatorView in Frameworks */ = {isa = PBXBuildFile; productRef = 09E58A4C294B42F3005586EE /* NVActivityIndicatorView */; };
		09E58A4F294B42F3005586EE /* NVActivityIndicatorViewExtended in Frameworks */ = {isa = PBXBuildFile; productRef = 09E58A4E294B42F3005586EE /* NVActivityIndicatorViewExtended */; };
		09E58A52294B433E005586EE /* SnapKit in Frameworks */ = {isa = PBXBuildFile; productRef = 09E58A51294B433E005586EE /* SnapKit */; };
		EA7CF26F24AEF3950057E5AD /* ChatMessageCell.swift in Sources */ = {isa = PBXBuildFile; fileRef = EA7CF26E24AEF3950057E5AD /* ChatMessageCell.swift */; };
		EA8BF28124A8F588007ED8DB /* ChatLogController.swift in Sources */ = {isa = PBXBuildFile; fileRef = EA8BF28024A8F588007ED8DB /* ChatLogController.swift */; };
		EA8BF28524A9D227007ED8DB /* Message.swift in Sources */ = {isa = PBXBuildFile; fileRef = EA8BF28424A9D227007ED8DB /* Message.swift */; };
		EA8BF28824A9D9EB007ED8DB /* UserCell.swift in Sources */ = {isa = PBXBuildFile; fileRef = EA8BF28724A9D9EB007ED8DB /* UserCell.swift */; };
		EA9022402495494B0084A9A0 /* userImage.png in Resources */ = {isa = PBXBuildFile; fileRef = EA90223F2495494B0084A9A0 /* userImage.png */; };
		EA90224224954B480084A9A0 /* GoogleService-Info.plist in Resources */ = {isa = PBXBuildFile; fileRef = EA90224124954B480084A9A0 /* GoogleService-Info.plist */; };
		EA902244249621530084A9A0 /* NewMessageController.swift in Sources */ = {isa = PBXBuildFile; fileRef = EA902243249621530084A9A0 /* NewMessageController.swift */; };
		EA902249249628610084A9A0 /* User.swift in Sources */ = {isa = PBXBuildFile; fileRef = EA902248249628610084A9A0 /* User.swift */; };
		EA90224B24967AF70084A9A0 /* LoginController+handlers.swift in Sources */ = {isa = PBXBuildFile; fileRef = EA90224A24967AF70084A9A0 /* LoginController+handlers.swift */; };
		EA90224E2497DB650084A9A0 /* Extensions.swift in Sources */ = {isa = PBXBuildFile; fileRef = EA90224D2497DB650084A9A0 /* Extensions.swift */; };
		EA99B56F24949C4D0014E37F /* AppDelegate.swift in Sources */ = {isa = PBXBuildFile; fileRef = EA99B56E24949C4D0014E37F /* AppDelegate.swift */; };
		EA99B57324949C4D0014E37F /* MessageController.swift in Sources */ = {isa = PBXBuildFile; fileRef = EA99B57224949C4D0014E37F /* MessageController.swift */; };
		EA99B57824949C4F0014E37F /* Assets.xcassets in Resources */ = {isa = PBXBuildFile; fileRef = EA99B57724949C4F0014E37F /* Assets.xcassets */; };
		EA99B57B24949C4F0014E37F /* LaunchScreen.storyboard in Resources */ = {isa = PBXBuildFile; fileRef = EA99B57924949C4F0014E37F /* LaunchScreen.storyboard */; };
		EA99B58424949F8A0014E37F /* LoginController.swift in Sources */ = {isa = PBXBuildFile; fileRef = EA99B58324949F8A0014E37F /* LoginController.swift */; };
/* End PBXBuildFile section */

/* Begin PBXFileReference section */
		EA7CF26E24AEF3950057E5AD /* ChatMessageCell.swift */ = {isa = PBXFileReference; lastKnownFileType = sourcecode.swift; path = ChatMessageCell.swift; sourceTree = "<group>"; };
		EA8BF28024A8F588007ED8DB /* ChatLogController.swift */ = {isa = PBXFileReference; lastKnownFileType = sourcecode.swift; path = ChatLogController.swift; sourceTree = "<group>"; };
		EA8BF28424A9D227007ED8DB /* Message.swift */ = {isa = PBXFileReference; lastKnownFileType = sourcecode.swift; path = Message.swift; sourceTree = "<group>"; };
		EA8BF28724A9D9EB007ED8DB /* UserCell.swift */ = {isa = PBXFileReference; lastKnownFileType = sourcecode.swift; path = UserCell.swift; sourceTree = "<group>"; };
		EA90223F2495494B0084A9A0 /* userImage.png */ = {isa = PBXFileReference; lastKnownFileType = image.png; path = userImage.png; sourceTree = "<group>"; };
		EA90224124954B480084A9A0 /* GoogleService-Info.plist */ = {isa = PBXFileReference; fileEncoding = 4; lastKnownFileType = text.plist.xml; path = "GoogleService-Info.plist"; sourceTree = "<group>"; };
		EA902243249621530084A9A0 /* NewMessageController.swift */ = {isa = PBXFileReference; lastKnownFileType = sourcecode.swift; path = NewMessageController.swift; sourceTree = "<group>"; };
		EA902248249628610084A9A0 /* User.swift */ = {isa = PBXFileReference; lastKnownFileType = sourcecode.swift; path = User.swift; sourceTree = "<group>"; };
		EA90224A24967AF70084A9A0 /* LoginController+handlers.swift */ = {isa = PBXFileReference; lastKnownFileType = sourcecode.swift; path = "LoginController+handlers.swift"; sourceTree = "<group>"; };
		EA90224D2497DB650084A9A0 /* Extensions.swift */ = {isa = PBXFileReference; lastKnownFileType = sourcecode.swift; path = Extensions.swift; sourceTree = "<group>"; };
		EA99B56B24949C4D0014E37F /* Chats.app */ = {isa = PBXFileReference; explicitFileType = wrapper.application; includeInIndex = 0; path = Chats.app; sourceTree = BUILT_PRODUCTS_DIR; };
		EA99B56E24949C4D0014E37F /* AppDelegate.swift */ = {isa = PBXFileReference; lastKnownFileType = sourcecode.swift; path = AppDelegate.swift; sourceTree = "<group>"; };
		EA99B57224949C4D0014E37F /* MessageController.swift */ = {isa = PBXFileReference; lastKnownFileType = sourcecode.swift; path = MessageController.swift; sourceTree = "<group>"; };
		EA99B57724949C4F0014E37F /* Assets.xcassets */ = {isa = PBXFileReference; lastKnownFileType = folder.assetcatalog; path = Assets.xcassets; sourceTree = "<group>"; };
		EA99B57A24949C4F0014E37F /* Base */ = {isa = PBXFileReference; lastKnownFileType = file.storyboard; name = Base; path = Base.lproj/LaunchScreen.storyboard; sourceTree = "<group>"; };
		EA99B57C24949C4F0014E37F /* Info.plist */ = {isa = PBXFileReference; lastKnownFileType = text.plist.xml; path = Info.plist; sourceTree = "<group>"; };
		EA99B58324949F8A0014E37F /* LoginController.swift */ = {isa = PBXFileReference; lastKnownFileType = sourcecode.swift; path = LoginController.swift; sourceTree = "<group>"; };
/* End PBXFileReference section */

/* Begin PBXFrameworksBuildPhase section */
		EA99B56824949C4D0014E37F /* Frameworks */ = {
			isa = PBXFrameworksBuildPhase;
			buildActionMask = 2147483647;
			files = (
				096C2147294B452200598BC0 /* FirebaseDatabaseSwift in Frameworks */,
				096C2145294B452200598BC0 /* FirebaseDatabase in Frameworks */,
				096C2149294B45EF00598BC0 /* FirebaseStorageCombine-Community in Frameworks */,
				09E58A4D294B42F3005586EE /* NVActivityIndicatorView in Frameworks */,
				09E58A48294B42B2005586EE /* FirebaseAuth in Frameworks */,
				09E58A52294B433E005586EE /* SnapKit in Frameworks */,
				09E58A4A294B42B2005586EE /* FirebaseStorage in Frameworks */,
				09E58A4F294B42F3005586EE /* NVActivityIndicatorViewExtended in Frameworks */,
			);
			runOnlyForDeploymentPostprocessing = 0;
		};
/* End PBXFrameworksBuildPhase section */

/* Begin PBXGroup section */
		096C2143294B452200598BC0 /* Frameworks */ = {
			isa = PBXGroup;
			children = (
			);
			name = Frameworks;
			sourceTree = "<group>";
		};
		EA8BF28624A9D9D8007ED8DB /* View */ = {
			isa = PBXGroup;
			children = (
				EA8BF28724A9D9EB007ED8DB /* UserCell.swift */,
				EA7CF26E24AEF3950057E5AD /* ChatMessageCell.swift */,
			);
			path = View;
			sourceTree = "<group>";
		};
		EA902247249628450084A9A0 /* Model */ = {
			isa = PBXGroup;
			children = (
				EA902248249628610084A9A0 /* User.swift */,
				EA8BF28424A9D227007ED8DB /* Message.swift */,
			);
			path = Model;
			sourceTree = "<group>";
		};
		EA90224C2497DB4B0084A9A0 /* Helpers */ = {
			isa = PBXGroup;
			children = (
				EA90224D2497DB650084A9A0 /* Extensions.swift */,
			);
			path = Helpers;
			sourceTree = "<group>";
		};
		EA99B56224949C4D0014E37F = {
			isa = PBXGroup;
			children = (
				EA99B56D24949C4D0014E37F /* Chats */,
				EA99B56C24949C4D0014E37F /* Products */,
				096C2143294B452200598BC0 /* Frameworks */,
			);
			sourceTree = "<group>";
		};
		EA99B56C24949C4D0014E37F /* Products */ = {
			isa = PBXGroup;
			children = (
				EA99B56B24949C4D0014E37F /* Chats.app */,
			);
			name = Products;
			sourceTree = "<group>";
		};
		EA99B56D24949C4D0014E37F /* Chats */ = {
			isa = PBXGroup;
			children = (
				EA8BF28624A9D9D8007ED8DB /* View */,
				EA90224C2497DB4B0084A9A0 /* Helpers */,
				EA902247249628450084A9A0 /* Model */,
				EA99B58224949F770014E37F /* Controller */,
				EA99B56E24949C4D0014E37F /* AppDelegate.swift */,
				EA99B57724949C4F0014E37F /* Assets.xcassets */,
				EA90223F2495494B0084A9A0 /* userImage.png */,
				EA99B57924949C4F0014E37F /* LaunchScreen.storyboard */,
				EA99B57C24949C4F0014E37F /* Info.plist */,
				EA90224124954B480084A9A0 /* GoogleService-Info.plist */,
			);
			path = Chats;
			sourceTree = "<group>";
		};
		EA99B58224949F770014E37F /* Controller */ = {
			isa = PBXGroup;
			children = (
				EA99B58324949F8A0014E37F /* LoginController.swift */,
				EA90224A24967AF70084A9A0 /* LoginController+handlers.swift */,
				EA99B57224949C4D0014E37F /* MessageController.swift */,
				EA902243249621530084A9A0 /* NewMessageController.swift */,
				EA8BF28024A8F588007ED8DB /* ChatLogController.swift */,
			);
			path = Controller;
			sourceTree = "<group>";
		};
/* End PBXGroup section */

/* Begin PBXNativeTarget section */
		EA99B56A24949C4D0014E37F /* Chats */ = {
			isa = PBXNativeTarget;
			buildConfigurationList = EA99B57F24949C4F0014E37F /* Build configuration list for PBXNativeTarget "Chats" */;
			buildPhases = (
				EA99B56724949C4D0014E37F /* Sources */,
				EA99B56824949C4D0014E37F /* Frameworks */,
				EA99B56924949C4D0014E37F /* Resources */,
			);
			buildRules = (
			);
			dependencies = (
			);
			name = Chats;
			packageProductDependencies = (
				09E58A47294B42B2005586EE /* FirebaseAuth */,
				09E58A49294B42B2005586EE /* FirebaseStorage */,
				09E58A4C294B42F3005586EE /* NVActivityIndicatorView */,
				09E58A4E294B42F3005586EE /* NVActivityIndicatorViewExtended */,
				09E58A51294B433E005586EE /* SnapKit */,
				096C2144294B452200598BC0 /* FirebaseDatabase */,
				096C2146294B452200598BC0 /* FirebaseDatabaseSwift */,
				096C2148294B45EF00598BC0 /* FirebaseStorageCombine-Community */,
			);
			productName = Chats;
			productReference = EA99B56B24949C4D0014E37F /* Chats.app */;
			productType = "com.apple.product-type.application";
		};
/* End PBXNativeTarget section */

/* Begin PBXProject section */
		EA99B56324949C4D0014E37F /* Project object */ = {
			isa = PBXProject;
			attributes = {
				LastSwiftUpdateCheck = 1150;
				LastUpgradeCheck = 1150;
				ORGANIZATIONNAME = "권성우";
				TargetAttributes = {
					EA99B56A24949C4D0014E37F = {
						CreatedOnToolsVersion = 11.5;
					};
				};
			};
			buildConfigurationList = EA99B56624949C4D0014E37F /* Build configuration list for PBXProject "Chats" */;
			compatibilityVersion = "Xcode 9.3";
			developmentRegion = en;
			hasScannedForEncodings = 0;
			knownRegions = (
				en,
				Base,
			);
			mainGroup = EA99B56224949C4D0014E37F;
			packageReferences = (
				09E58A46294B42B2005586EE /* XCRemoteSwiftPackageReference "firebase-ios-sdk" */,
				09E58A4B294B42F2005586EE /* XCRemoteSwiftPackageReference "NVActivityIndicatorView" */,
				09E58A50294B433E005586EE /* XCRemoteSwiftPackageReference "SnapKit" */,
			);
			productRefGroup = EA99B56C24949C4D0014E37F /* Products */;
			projectDirPath = "";
			projectRoot = "";
			targets = (
				EA99B56A24949C4D0014E37F /* Chats */,
			);
		};
/* End PBXProject section */

/* Begin PBXResourcesBuildPhase section */
		EA99B56924949C4D0014E37F /* Resources */ = {
			isa = PBXResourcesBuildPhase;
			buildActionMask = 2147483647;
			files = (
				EA99B57B24949C4F0014E37F /* LaunchScreen.storyboard in Resources */,
				EA9022402495494B0084A9A0 /* userImage.png in Resources */,
				EA99B57824949C4F0014E37F /* Assets.xcassets in Resources */,
				EA90224224954B480084A9A0 /* GoogleService-Info.plist in Resources */,
			);
			runOnlyForDeploymentPostprocessing = 0;
		};
/* End PBXResourcesBuildPhase section */

/* Begin PBXSourcesBuildPhase section */
		EA99B56724949C4D0014E37F /* Sources */ = {
			isa = PBXSourcesBuildPhase;
			buildActionMask = 2147483647;
			files = (
				EA8BF28124A8F588007ED8DB /* ChatLogController.swift in Sources */,
				EA90224B24967AF70084A9A0 /* LoginController+handlers.swift in Sources */,
				EA902244249621530084A9A0 /* NewMessageController.swift in Sources */,
				EA8BF28524A9D227007ED8DB /* Message.swift in Sources */,
				EA99B57324949C4D0014E37F /* MessageController.swift in Sources */,
				EA99B58424949F8A0014E37F /* LoginController.swift in Sources */,
				EA902249249628610084A9A0 /* User.swift in Sources */,
				EA7CF26F24AEF3950057E5AD /* ChatMessageCell.swift in Sources */,
				EA99B56F24949C4D0014E37F /* AppDelegate.swift in Sources */,
				EA8BF28824A9D9EB007ED8DB /* UserCell.swift in Sources */,
				EA90224E2497DB650084A9A0 /* Extensions.swift in Sources */,
			);
			runOnlyForDeploymentPostprocessing = 0;
		};
/* End PBXSourcesBuildPhase section */

/* Begin PBXVariantGroup section */
		EA99B57924949C4F0014E37F /* LaunchScreen.storyboard */ = {
			isa = PBXVariantGroup;
			children = (
				EA99B57A24949C4F0014E37F /* Base */,
			);
			name = LaunchScreen.storyboard;
			sourceTree = "<group>";
		};
/* End PBXVariantGroup section */

/* Begin XCBuildConfiguration section */
		EA99B57D24949C4F0014E37F /* Debug */ = {
			isa = XCBuildConfiguration;
			buildSettings = {
				ALWAYS_SEARCH_USER_PATHS = NO;
				CLANG_ANALYZER_NONNULL = YES;
				CLANG_ANALYZER_NUMBER_OBJECT_CONVERSION = YES_AGGRESSIVE;
				CLANG_CXX_LANGUAGE_STANDARD = "gnu++14";
				CLANG_CXX_LIBRARY = "libc++";
				CLANG_ENABLE_MODULES = YES;
				CLANG_ENABLE_OBJC_ARC = YES;
				CLANG_ENABLE_OBJC_WEAK = YES;
				CLANG_WARN_BLOCK_CAPTURE_AUTORELEASING = YES;
				CLANG_WARN_BOOL_CONVERSION = YES;
				CLANG_WARN_COMMA = YES;
				CLANG_WARN_CONSTANT_CONVERSION = YES;
				CLANG_WARN_DEPRECATED_OBJC_IMPLEMENTATIONS = YES;
				CLANG_WARN_DIRECT_OBJC_ISA_USAGE = YES_ERROR;
				CLANG_WARN_DOCUMENTATION_COMMENTS = YES;
				CLANG_WARN_EMPTY_BODY = YES;
				CLANG_WARN_ENUM_CONVERSION = YES;
				CLANG_WARN_INFINITE_RECURSION = YES;
				CLANG_WARN_INT_CONVERSION = YES;
				CLANG_WARN_NON_LITERAL_NULL_CONVERSION = YES;
				CLANG_WARN_OBJC_IMPLICIT_RETAIN_SELF = YES;
				CLANG_WARN_OBJC_LITERAL_CONVERSION = YES;
				CLANG_WARN_OBJC_ROOT_CLASS = YES_ERROR;
				CLANG_WARN_RANGE_LOOP_ANALYSIS = YES;
				CLANG_WARN_STRICT_PROTOTYPES = YES;
				CLANG_WARN_SUSPICIOUS_MOVE = YES;
				CLANG_WARN_UNGUARDED_AVAILABILITY = YES_AGGRESSIVE;
				CLANG_WARN_UNREACHABLE_CODE = YES;
				CLANG_WARN__DUPLICATE_METHOD_MATCH = YES;
				COPY_PHASE_STRIP = NO;
				DEBUG_INFORMATION_FORMAT = dwarf;
				ENABLE_STRICT_OBJC_MSGSEND = YES;
				ENABLE_TESTABILITY = YES;
				GCC_C_LANGUAGE_STANDARD = gnu11;
				GCC_DYNAMIC_NO_PIC = NO;
				GCC_NO_COMMON_BLOCKS = YES;
				GCC_OPTIMIZATION_LEVEL = 0;
				GCC_PREPROCESSOR_DEFINITIONS = (
					"DEBUG=1",
					"$(inherited)",
				);
				GCC_WARN_64_TO_32_BIT_CONVERSION = YES;
				GCC_WARN_ABOUT_RETURN_TYPE = YES_ERROR;
				GCC_WARN_UNDECLARED_SELECTOR = YES;
				GCC_WARN_UNINITIALIZED_AUTOS = YES_AGGRESSIVE;
				GCC_WARN_UNUSED_FUNCTION = YES;
				GCC_WARN_UNUSED_VARIABLE = YES;
				IPHONEOS_DEPLOYMENT_TARGET = 13.5;
				MTL_ENABLE_DEBUG_INFO = INCLUDE_SOURCE;
				MTL_FAST_MATH = YES;
				ONLY_ACTIVE_ARCH = YES;
				SDKROOT = iphoneos;
				SWIFT_ACTIVE_COMPILATION_CONDITIONS = DEBUG;
				SWIFT_OPTIMIZATION_LEVEL = "-Onone";
			};
			name = Debug;
		};
		EA99B57E24949C4F0014E37F /* Release */ = {
			isa = XCBuildConfiguration;
			buildSettings = {
				ALWAYS_SEARCH_USER_PATHS = NO;
				CLANG_ANALYZER_NONNULL = YES;
				CLANG_ANALYZER_NUMBER_OBJECT_CONVERSION = YES_AGGRESSIVE;
				CLANG_CXX_LANGUAGE_STANDARD = "gnu++14";
				CLANG_CXX_LIBRARY = "libc++";
				CLANG_ENABLE_MODULES = YES;
				CLANG_ENABLE_OBJC_ARC = YES;
				CLANG_ENABLE_OBJC_WEAK = YES;
				CLANG_WARN_BLOCK_CAPTURE_AUTORELEASING = YES;
				CLANG_WARN_BOOL_CONVERSION = YES;
				CLANG_WARN_COMMA = YES;
				CLANG_WARN_CONSTANT_CONVERSION = YES;
				CLANG_WARN_DEPRECATED_OBJC_IMPLEMENTATIONS = YES;
				CLANG_WARN_DIRECT_OBJC_ISA_USAGE = YES_ERROR;
				CLANG_WARN_DOCUMENTATION_COMMENTS = YES;
				CLANG_WARN_EMPTY_BODY = YES;
				CLANG_WARN_ENUM_CONVERSION = YES;
				CLANG_WARN_INFINITE_RECURSION = YES;
				CLANG_WARN_INT_CONVERSION = YES;
				CLANG_WARN_NON_LITERAL_NULL_CONVERSION = YES;
				CLANG_WARN_OBJC_IMPLICIT_RETAIN_SELF = YES;
				CLANG_WARN_OBJC_LITERAL_CONVERSION = YES;
				CLANG_WARN_OBJC_ROOT_CLASS = YES_ERROR;
				CLANG_WARN_RANGE_LOOP_ANALYSIS = YES;
				CLANG_WARN_STRICT_PROTOTYPES = YES;
				CLANG_WARN_SUSPICIOUS_MOVE = YES;
				CLANG_WARN_UNGUARDED_AVAILABILITY = YES_AGGRESSIVE;
				CLANG_WARN_UNREACHABLE_CODE = YES;
				CLANG_WARN__DUPLICATE_METHOD_MATCH = YES;
				COPY_PHASE_STRIP = NO;
				DEBUG_INFORMATION_FORMAT = "dwarf-with-dsym";
				ENABLE_NS_ASSERTIONS = NO;
				ENABLE_STRICT_OBJC_MSGSEND = YES;
				GCC_C_LANGUAGE_STANDARD = gnu11;
				GCC_NO_COMMON_BLOCKS = YES;
				GCC_WARN_64_TO_32_BIT_CONVERSION = YES;
				GCC_WARN_ABOUT_RETURN_TYPE = YES_ERROR;
				GCC_WARN_UNDECLARED_SELECTOR = YES;
				GCC_WARN_UNINITIALIZED_AUTOS = YES_AGGRESSIVE;
				GCC_WARN_UNUSED_FUNCTION = YES;
				GCC_WARN_UNUSED_VARIABLE = YES;
				IPHONEOS_DEPLOYMENT_TARGET = 13.5;
				MTL_ENABLE_DEBUG_INFO = NO;
				MTL_FAST_MATH = YES;
				SDKROOT = iphoneos;
				SWIFT_COMPILATION_MODE = wholemodule;
				SWIFT_OPTIMIZATION_LEVEL = "-O";
				VALIDATE_PRODUCT = YES;
			};
			name = Release;
		};
		EA99B58024949C4F0014E37F /* Debug */ = {
			isa = XCBuildConfiguration;
			buildSettings = {
				ASSETCATALOG_COMPILER_APPICON_NAME = AppIcon;
				CODE_SIGN_STYLE = Automatic;
				DEVELOPMENT_TEAM = L2VUB7Y3L2;
				INFOPLIST_FILE = Chats/Info.plist;
				LD_RUNPATH_SEARCH_PATHS = (
					"$(inherited)",
					"@executable_path/Frameworks",
				);
				PRODUCT_BUNDLE_IDENTIFIER = com.KSW.Chats;
				PRODUCT_NAME = "$(TARGET_NAME)";
				SWIFT_VERSION = 5.0;
				TARGETED_DEVICE_FAMILY = "1,2";
			};
			name = Debug;
		};
		EA99B58124949C4F0014E37F /* Release */ = {
			isa = XCBuildConfiguration;
			buildSettings = {
				ASSETCATALOG_COMPILER_APPICON_NAME = AppIcon;
				CODE_SIGN_STYLE = Automatic;
				DEVELOPMENT_TEAM = L2VUB7Y3L2;
				INFOPLIST_FILE = Chats/Info.plist;
				LD_RUNPATH_SEARCH_PATHS = (
					"$(inherited)",
					"@executable_path/Frameworks",
				);
				PRODUCT_BUNDLE_IDENTIFIER = com.KSW.Chats;
				PRODUCT_NAME = "$(TARGET_NAME)";
				SWIFT_VERSION = 5.0;
				TARGETED_DEVICE_FAMILY = "1,2";
			};
			name = Release;
		};
/* End XCBuildConfiguration section */

/* Begin XCConfigurationList section */
		EA99B56624949C4D0014E37F /* Build configuration list for PBXProject "Chats" */ = {
			isa = XCConfigurationList;
			buildConfigurations = (
				EA99B57D24949C4F0014E37F /* Debug */,
				EA99B57E24949C4F0014E37F /* Release */,
			);
			defaultConfigurationIsVisible = 0;
			defaultConfigurationName = Release;
		};
		EA99B57F24949C4F0014E37F /* Build configuration list for PBXNativeTarget "Chats" */ = {
			isa = XCConfigurationList;
			buildConfigurations = (
				EA99B58024949C4F0014E37F /* Debug */,
				EA99B58124949C4F0014E37F /* Release */,
			);
			defaultConfigurationIsVisible = 0;
			defaultConfigurationName = Release;
		};
/* End XCConfigurationList section */

/* Begin XCRemoteSwiftPackageReference section */
		09E58A46294B42B2005586EE /* XCRemoteSwiftPackageReference "firebase-ios-sdk" */ = {
			isa = XCRemoteSwiftPackageReference;
			repositoryURL = "https://github.com/firebase/firebase-ios-sdk";
			requirement = {
				kind = upToNextMajorVersion;
				minimumVersion = 9.0.0;
			};
		};
		09E58A4B294B42F2005586EE /* XCRemoteSwiftPackageReference "NVActivityIndicatorView" */ = {
			isa = XCRemoteSwiftPackageReference;
			repositoryURL = "https://github.com/ninjaprox/NVActivityIndicatorView";
			requirement = {
				kind = upToNextMajorVersion;
				minimumVersion = 5.0.0;
			};
		};
		09E58A50294B433E005586EE /* XCRemoteSwiftPackageReference "SnapKit" */ = {
			isa = XCRemoteSwiftPackageReference;
			repositoryURL = "https://github.com/SnapKit/SnapKit";
			requirement = {
				branch = develop;
				kind = branch;
			};
		};
/* End XCRemoteSwiftPackageReference section */

/* Begin XCSwiftPackageProductDependency section */
		096C2144294B452200598BC0 /* FirebaseDatabase */ = {
			isa = XCSwiftPackageProductDependency;
			package = 09E58A46294B42B2005586EE /* XCRemoteSwiftPackageReference "firebase-ios-sdk" */;
			productName = FirebaseDatabase;
		};
		096C2146294B452200598BC0 /* FirebaseDatabaseSwift */ = {
			isa = XCSwiftPackageProductDependency;
			package = 09E58A46294B42B2005586EE /* XCRemoteSwiftPackageReference "firebase-ios-sdk" */;
			productName = FirebaseDatabaseSwift;
		};
		096C2148294B45EF00598BC0 /* FirebaseStorageCombine-Community */ = {
			isa = XCSwiftPackageProductDependency;
			package = 09E58A46294B42B2005586EE /* XCRemoteSwiftPackageReference "firebase-ios-sdk" */;
			productName = "FirebaseStorageCombine-Community";
		};
		09E58A47294B42B2005586EE /* FirebaseAuth */ = {
			isa = XCSwiftPackageProductDependency;
			package = 09E58A46294B42B2005586EE /* XCRemoteSwiftPackageReference "firebase-ios-sdk" */;
			productName = FirebaseAuth;
		};
		09E58A49294B42B2005586EE /* FirebaseStorage */ = {
			isa = XCSwiftPackageProductDependency;
			package = 09E58A46294B42B2005586EE /* XCRemoteSwiftPackageReference "firebase-ios-sdk" */;
			productName = FirebaseStorage;
		};
		09E58A4C294B42F3005586EE /* NVActivityIndicatorView */ = {
			isa = XCSwiftPackageProductDependency;
			package = 09E58A4B294B42F2005586EE /* XCRemoteSwiftPackageReference "NVActivityIndicatorView" */;
			productName = NVActivityIndicatorView;
		};
		09E58A4E294B42F3005586EE /* NVActivityIndicatorViewExtended */ = {
			isa = XCSwiftPackageProductDependency;
			package = 09E58A4B294B42F2005586EE /* XCRemoteSwiftPackageReference "NVActivityIndicatorView" */;
			productName = NVActivityIndicatorViewExtended;
		};
		09E58A51294B433E005586EE /* SnapKit */ = {
			isa = XCSwiftPackageProductDependency;
			package = 09E58A50294B433E005586EE /* XCRemoteSwiftPackageReference "SnapKit" */;
			productName = SnapKit;
		};
/* End XCSwiftPackageProductDependency section */
	};
	rootObject = EA99B56324949C4D0014E37F /* Project object */;
}
